
Microsoft Visual Studio Solution File, Format Version 12.00
# Visual Studio Version 16
VisualStudioVersion = 16.0.30717.126
MinimumVisualStudioVersion = 10.0.40219.1
Project("{8BC9CEB8-8B4A-11D0-8D11-00A0C91BC942}") = "Sorting", "Sorting\Sorting.vcxproj", "{E40CC31D-E870-4F25-951A-E2A4D577F39D}"
EndProject
Global
	GlobalSection(SolutionConfigurationPlatforms) = preSolution
		Debug|x64 = Debug|x64
		Debug|x86 = Debug|x86
		Release|x64 = Release|x64
		Release|x86 = Release|x86
	EndGlobalSection
	GlobalSection(ProjectConfigurationPlatforms) = postSolution
		{E40CC31D-E870-4F25-951A-E2A4D577F39D}.Debug|x64.ActiveCfg = Debug|x64
		{E40CC31D-E870-4F25-951A-E2A4D577F39D}.Debug|x64.Build.0 = Debug|x64
		{E40CC31D-E870-4F25-951A-E2A4D577F39D}.Debug|x86.ActiveCfg = Debug|Win32
		{E40CC31D-E870-4F25-951A-E2A4D577F39D}.Debug|x86.Build.0 = Debug|Win32
		{E40CC31D-E870-4F25-951A-E2A4D577F39D}.Release|x64.ActiveCfg = Release|x64
		{E40CC31D-E870-4F25-951A-E2A4D577F39D}.Release|x64.Build.0 = Release|x64
		{E40CC31D-E870-4F25-951A-E2A4D577F39D}.Release|x86.ActiveCfg = Release|Win32
		{E40CC31D-E870-4F25-951A-E2A4D577F39D}.Release|x86.Build.0 = Release|Win32
	EndGlobalSection
	GlobalSection(SolutionProperties) = preSolution
		HideSolutionNode = FALSE
	EndGlobalSection
	GlobalSection(ExtensibilityGlobals) = postSolution
		SolutionGuid = {D4AF0D31-A2B6-41BA-A88E-09CA36A08633}
	EndGlobalSection
EndGlobal
